PODS:
  - SKSpinner (0.1.1)
  - SOAPEngine (1.31)

DEPENDENCIES:
  - SKSpinner (~> 0.1)
  - SOAPEngine (~> 1.31)

SPEC CHECKSUMS:
  SKSpinner: 586e377446e149080fd7da5eb192e59e5df16503
  SOAPEngine: eac166d07cb20579db9a476660d51a0d73271869

PODFILE CHECKSUM: 681fcee2d40bc25d80034239ea23c876748cee69

COCOAPODS: 1.2.0.beta.1
