// !$*UTF8*$!
{
	archiveVersion = 1;
	classes = {
	};
	objectVersion = 46;
	objects = {

/* Begin PBXBuildFile section */
		7507D776B598D5A468FF7FEB /* Pods_gestaoSap.framework in Frameworks */ = {isa = PBXBuildFile; fileRef = 0029251EE620A0EB6162B130 /* Pods_gestaoSap.framework */; };
		CE0B88B31E311DA000A1BDD5 /* profissionalTableViewController.m in Sources */ = {isa = PBXBuildFile; fileRef = CE0B88B21E311DA000A1BDD5 /* profissionalTableViewController.m */; };
		CE0B88B61E311DDA00A1BDD5 /* profissional.m in Sources */ = {isa = PBXBuildFile; fileRef = CE0B88B51E311DDA00A1BDD5 /* profissional.m */; };
		CE0B88BD1E313ABC00A1BDD5 /* horario.m in Sources */ = {isa = PBXBuildFile; fileRef = CE0B88BC1E313ABC00A1BDD5 /* horario.m */; };
		CE0B88C01E313ADC00A1BDD5 /* HorarioTableViewController.m in Sources */ = {isa = PBXBuildFile; fileRef = CE0B88BF1E313ADC00A1BDD5 /* HorarioTableViewController.m */; };
		CE0B88C51E3145AF00A1BDD5 /* logOutViewController.m in Sources */ = {isa = PBXBuildFile; fileRef = CE0B88C41E3145AF00A1BDD5 /* logOutViewController.m */; };
		CE0B88CB1E355DFC00A1BDD5 /* localizacaoViewController.m in Sources */ = {isa = PBXBuildFile; fileRef = CE0B88CA1E355DFC00A1BDD5 /* localizacaoViewController.m */; };
		CE3900741E65086600B00758 /* maisTableViewController.m in Sources */ = {isa = PBXBuildFile; fileRef = CE3900731E65086600B00758 /* maisTableViewController.m */; };
		CE3AC0661E42449100CC64D4 /* HistoricoTableViewCell.m in Sources */ = {isa = PBXBuildFile; fileRef = CE3AC0651E42449100CC64D4 /* HistoricoTableViewCell.m */; };
		CE3AC06A1E425FC300CC64D4 /* HistoricoAgendamentoDetalheViewController.m in Sources */ = {isa = PBXBuildFile; fileRef = CE3AC0691E425FC300CC64D4 /* HistoricoAgendamentoDetalheViewController.m */; };
		CE4087EC1E2542BE009416B5 /* unidadeViewController.m in Sources */ = {isa = PBXBuildFile; fileRef = CE4087EB1E2542BE009416B5 /* unidadeViewController.m */; };
		CE4087F01E26BCEE009416B5 /* unidade.m in Sources */ = {isa = PBXBuildFile; fileRef = CE4087EF1E26BCEE009416B5 /* unidade.m */; };
		CE40A4BB1E3BBB8E000C0224 /* historicoAgendamento.m in Sources */ = {isa = PBXBuildFile; fileRef = CE40A4BA1E3BBB8E000C0224 /* historicoAgendamento.m */; };
		CE40A4BE1E3BBBB8000C0224 /* historicoAgendamentoTableViewController.m in Sources */ = {isa = PBXBuildFile; fileRef = CE40A4BD1E3BBBB8000C0224 /* historicoAgendamentoTableViewController.m */; };
		CE804F421E703FF0009F8DCE /* CadastreseViewController.m in Sources */ = {isa = PBXBuildFile; fileRef = CE804F411E703FF0009F8DCE /* CadastreseViewController.m */; };
		CE804F441E709873009F8DCE /* Welcome.storyboard in Resources */ = {isa = PBXBuildFile; fileRef = CE804F431E709872009F8DCE /* Welcome.storyboard */; };
		CE804F491E7098D7009F8DCE /* welcomeViewController.m in Sources */ = {isa = PBXBuildFile; fileRef = CE804F481E7098D7009F8DCE /* welcomeViewController.m */; };
		CE804F4C1E70D696009F8DCE /* welcomefinishViewController.m in Sources */ = {isa = PBXBuildFile; fileRef = CE804F4B1E70D696009F8DCE /* welcomefinishViewController.m */; };
		CEB12DEB1E38FF7E00FDAC63 /* CoreLocation.framework in Frameworks */ = {isa = PBXBuildFile; fileRef = CEB12DEA1E38FF7E00FDAC63 /* CoreLocation.framework */; };
		CEB12DF71E3929D300FDAC63 /* promocao.m in Sources */ = {isa = PBXBuildFile; fileRef = CEB12DF61E3929D300FDAC63 /* promocao.m */; };
		CEB12DFA1E3929E800FDAC63 /* promocaoViewController.m in Sources */ = {isa = PBXBuildFile; fileRef = CEB12DF91E3929E800FDAC63 /* promocaoViewController.m */; };
		CED255041E44EBE000EBDE36 /* resultadoAgendamentoViewController.m in Sources */ = {isa = PBXBuildFile; fileRef = CED255031E44EBE000EBDE36 /* resultadoAgendamentoViewController.m */; };
		CEE2EFD81E0BF61000F7EC4B /* main.m in Sources */ = {isa = PBXBuildFile; fileRef = CEE2EFD71E0BF61000F7EC4B /* main.m */; };
		CEE2EFDB1E0BF61000F7EC4B /* AppDelegate.m in Sources */ = {isa = PBXBuildFile; fileRef = CEE2EFDA1E0BF61000F7EC4B /* AppDelegate.m */; };
		CEE2EFE11E0BF61000F7EC4B /* Main.storyboard in Resources */ = {isa = PBXBuildFile; fileRef = CEE2EFDF1E0BF61000F7EC4B /* Main.storyboard */; };
		CEE2EFE31E0BF61000F7EC4B /* Assets.xcassets in Resources */ = {isa = PBXBuildFile; fileRef = CEE2EFE21E0BF61000F7EC4B /* Assets.xcassets */; };
		CEE2EFE61E0BF61000F7EC4B /* LaunchScreen.storyboard in Resources */ = {isa = PBXBuildFile; fileRef = CEE2EFE41E0BF61000F7EC4B /* LaunchScreen.storyboard */; };
		CEE6ED221E1178E500237F5A /* VariaveisGlobais.m in Sources */ = {isa = PBXBuildFile; fileRef = CEE6ED201E1178E500237F5A /* VariaveisGlobais.m */; };
		CEE6ED281E117D8900237F5A /* loginViewController.m in Sources */ = {isa = PBXBuildFile; fileRef = CEE6ED271E117D8900237F5A /* loginViewController.m */; };
		CEE7674A1E4A07DB009FAE25 /* TabBarController.m in Sources */ = {isa = PBXBuildFile; fileRef = CEE767491E4A07DB009FAE25 /* TabBarController.m */; };
		CEFA8AFC1E291AC100126D06 /* CustomNavBar.m in Sources */ = {isa = PBXBuildFile; fileRef = CEFA8AFB1E291AC100126D06 /* CustomNavBar.m */; };
		CEFA8AFF1E2EA50E00126D06 /* agendaTableViewController.m in Sources */ = {isa = PBXBuildFile; fileRef = CEFA8AFE1E2EA50E00126D06 /* agendaTableViewController.m */; };
		CEFA8B051E2FCA8400126D06 /* servicoTableViewController.m in Sources */ = {isa = PBXBuildFile; fileRef = CEFA8B041E2FCA8400126D06 /* servicoTableViewController.m */; };
		CEFA8B081E2FCAF000126D06 /* servico.m in Sources */ = {isa = PBXBuildFile; fileRef = CEFA8B071E2FCAF000126D06 /* servico.m */; };
		CEFA8B0E1E2FE7A100126D06 /* dataAgendamentoViewController.m in Sources */ = {isa = PBXBuildFile; fileRef = CEFA8B0D1E2FE7A100126D06 /* dataAgendamentoViewController.m */; };
/* End PBXBuildFile section */

/* Begin PBXFileReference section */
		0029251EE620A0EB6162B130 /* Pods_gestaoSap.framework */ = {isa = PBXFileReference; explicitFileType = wrapper.framework; includeInIndex = 0; path = Pods_gestaoSap.framework; sourceTree = BUILT_PRODUCTS_DIR; };
		39C38F5AEC3158C1E5506336 /* Pods-gestaoSap.debug.xcconfig */ = {isa = PBXFileReference; includeInIndex = 1; lastKnownFileType = text.xcconfig; name = "Pods-gestaoSap.debug.xcconfig"; path = "Pods/Target Support Files/Pods-gestaoSap/Pods-gestaoSap.debug.xcconfig"; sourceTree = "<group>"; };
		A883B66E906AB9FD858EFFFB /* Pods-gestaoSap.release.xcconfig */ = {isa = PBXFileReference; includeInIndex = 1; lastKnownFileType = text.xcconfig; name = "Pods-gestaoSap.release.xcconfig"; path = "Pods/Target Support Files/Pods-gestaoSap/Pods-gestaoSap.release.xcconfig"; sourceTree = "<group>"; };
		CE0B88B11E311DA000A1BDD5 /* profissionalTableViewController.h */ = {isa = PBXFileReference; fileEncoding = 4; lastKnownFileType = sourcecode.c.h; name = profissionalTableViewController.h; path = Files/Screen/Profissional/ViewController/profissionalTableViewController.h; sourceTree = "<group>"; };
		CE0B88B21E311DA000A1BDD5 /* profissionalTableViewController.m */ = {isa = PBXFileReference; fileEncoding = 4; lastKnownFileType = sourcecode.c.objc; name = profissionalTableViewController.m; path = Files/Screen/Profissional/ViewController/profissionalTableViewController.m; sourceTree = "<group>"; };
		CE0B88B41E311DDA00A1BDD5 /* profissional.h */ = {isa = PBXFileReference; fileEncoding = 4; lastKnownFileType = sourcecode.c.h; name = profissional.h; path = Files/Screen/Profissional/Model/profissional.h; sourceTree = "<group>"; };
		CE0B88B51E311DDA00A1BDD5 /* profissional.m */ = {isa = PBXFileReference; fileEncoding = 4; lastKnownFileType = sourcecode.c.objc; name = profissional.m; path = Files/Screen/Profissional/Model/profissional.m; sourceTree = "<group>"; };
		CE0B88BB1E313ABC00A1BDD5 /* horario.h */ = {isa = PBXFileReference; fileEncoding = 4; lastKnownFileType = sourcecode.c.h; name = horario.h; path = Files/Screen/HorarioAgendamento/Model/horario.h; sourceTree = "<group>"; };
		CE0B88BC1E313ABC00A1BDD5 /* horario.m */ = {isa = PBXFileReference; fileEncoding = 4; lastKnownFileType = sourcecode.c.objc; name = horario.m; path = Files/Screen/HorarioAgendamento/Model/horario.m; sourceTree = "<group>"; };
		CE0B88BE1E313ADC00A1BDD5 /* HorarioTableViewController.h */ = {isa = PBXFileReference; fileEncoding = 4; lastKnownFileType = sourcecode.c.h; name = HorarioTableViewController.h; path = Files/Screen/HorarioAgendamento/ViewController/HorarioTableViewController.h; sourceTree = "<group>"; };
		CE0B88BF1E313ADC00A1BDD5 /* HorarioTableViewController.m */ = {isa = PBXFileReference; fileEncoding = 4; lastKnownFileType = sourcecode.c.objc; name = HorarioTableViewController.m; path = Files/Screen/HorarioAgendamento/ViewController/HorarioTableViewController.m; sourceTree = "<group>"; };
		CE0B88C31E3145AF00A1BDD5 /* logOutViewController.h */ = {isa = PBXFileReference; fileEncoding = 4; lastKnownFileType = sourcecode.c.h; name = logOutViewController.h; path = Files/Screen/LogOut/ViewController/logOutViewController.h; sourceTree = "<group>"; };
		CE0B88C41E3145AF00A1BDD5 /* logOutViewController.m */ = {isa = PBXFileReference; fileEncoding = 4; lastKnownFileType = sourcecode.c.objc; name = logOutViewController.m; path = Files/Screen/LogOut/ViewController/logOutViewController.m; sourceTree = "<group>"; };
		CE0B88C91E355DFC00A1BDD5 /* localizacaoViewController.h */ = {isa = PBXFileReference; fileEncoding = 4; lastKnownFileType = sourcecode.c.h; name = localizacaoViewController.h; path = Files/Screen/Localizacao/ViewController/localizacaoViewController.h; sourceTree = "<group>"; };
		CE0B88CA1E355DFC00A1BDD5 /* localizacaoViewController.m */ = {isa = PBXFileReference; fileEncoding = 4; lastKnownFileType = sourcecode.c.objc; name = localizacaoViewController.m; path = Files/Screen/Localizacao/ViewController/localizacaoViewController.m; sourceTree = "<group>"; };
		CE3900721E65086600B00758 /* maisTableViewController.h */ = {isa = PBXFileReference; fileEncoding = 4; lastKnownFileType = sourcecode.c.h; name = maisTableViewController.h; path = Files/Screen/Mais/ViewController/maisTableViewController.h; sourceTree = "<group>"; };
		CE3900731E65086600B00758 /* maisTableViewController.m */ = {isa = PBXFileReference; fileEncoding = 4; lastKnownFileType = sourcecode.c.objc; name = maisTableViewController.m; path = Files/Screen/Mais/ViewController/maisTableViewController.m; sourceTree = "<group>"; };
		CE3AC0641E42449100CC64D4 /* HistoricoTableViewCell.h */ = {isa = PBXFileReference; fileEncoding = 4; lastKnownFileType = sourcecode.c.h; name = HistoricoTableViewCell.h; path = Files/Screen/HistoricoAgendamento/HistoricoTableViewCell.h; sourceTree = "<group>"; };
		CE3AC0651E42449100CC64D4 /* HistoricoTableViewCell.m */ = {isa = PBXFileReference; fileEncoding = 4; lastKnownFileType = sourcecode.c.objc; name = HistoricoTableViewCell.m; path = Files/Screen/HistoricoAgendamento/HistoricoTableViewCell.m; sourceTree = "<group>"; };
		CE3AC0681E425FC300CC64D4 /* HistoricoAgendamentoDetalheViewController.h */ = {isa = PBXFileReference; fileEncoding = 4; lastKnownFileType = sourcecode.c.h; name = HistoricoAgendamentoDetalheViewController.h; path = Files/Screen/HistoricoAgendamentoDetalhe/ViewController/HistoricoAgendamentoDetalheViewController.h; sourceTree = "<group>"; };
		CE3AC0691E425FC300CC64D4 /* HistoricoAgendamentoDetalheViewController.m */ = {isa = PBXFileReference; fileEncoding = 4; lastKnownFileType = sourcecode.c.objc; name = HistoricoAgendamentoDetalheViewController.m; path = Files/Screen/HistoricoAgendamentoDetalhe/ViewController/HistoricoAgendamentoDetalheViewController.m; sourceTree = "<group>"; };
		CE4087EA1E2542BE009416B5 /* unidadeViewController.h */ = {isa = PBXFileReference; fileEncoding = 4; lastKnownFileType = sourcecode.c.h; name = unidadeViewController.h; path = Files/Screen/Unidade/ViewController/unidadeViewController.h; sourceTree = "<group>"; };
		CE4087EB1E2542BE009416B5 /* unidadeViewController.m */ = {isa = PBXFileReference; fileEncoding = 4; lastKnownFileType = sourcecode.c.objc; name = unidadeViewController.m; path = Files/Screen/Unidade/ViewController/unidadeViewController.m; sourceTree = "<group>"; };
		CE4087EE1E26BCEE009416B5 /* unidade.h */ = {isa = PBXFileReference; fileEncoding = 4; lastKnownFileType = sourcecode.c.h; name = unidade.h; path = Files/Screen/Unidade/Model/unidade.h; sourceTree = "<group>"; };
		CE4087EF1E26BCEE009416B5 /* unidade.m */ = {isa = PBXFileReference; fileEncoding = 4; lastKnownFileType = sourcecode.c.objc; name = unidade.m; path = Files/Screen/Unidade/Model/unidade.m; sourceTree = "<group>"; };
		CE40A4B91E3BBB8E000C0224 /* historicoAgendamento.h */ = {isa = PBXFileReference; fileEncoding = 4; lastKnownFileType = sourcecode.c.h; name = historicoAgendamento.h; path = Files/Screen/HistoricoAgendamento/Model/historicoAgendamento.h; sourceTree = "<group>"; };
		CE40A4BA1E3BBB8E000C0224 /* historicoAgendamento.m */ = {isa = PBXFileReference; fileEncoding = 4; lastKnownFileType = sourcecode.c.objc; name = historicoAgendamento.m; path = Files/Screen/HistoricoAgendamento/Model/historicoAgendamento.m; sourceTree = "<group>"; };
		CE40A4BC1E3BBBB8000C0224 /* historicoAgendamentoTableViewController.h */ = {isa = PBXFileReference; fileEncoding = 4; lastKnownFileType = sourcecode.c.h; name = historicoAgendamentoTableViewController.h; path = Files/Screen/HistoricoAgendamento/ViewController/historicoAgendamentoTableViewController.h; sourceTree = "<group>"; };
		CE40A4BD1E3BBBB8000C0224 /* historicoAgendamentoTableViewController.m */ = {isa = PBXFileReference; fileEncoding = 4; lastKnownFileType = sourcecode.c.objc; name = historicoAgendamentoTableViewController.m; path = Files/Screen/HistoricoAgendamento/ViewController/historicoAgendamentoTableViewController.m; sourceTree = "<group>"; };
		CE804F401E703FF0009F8DCE /* CadastreseViewController.h */ = {isa = PBXFileReference; fileEncoding = 4; lastKnownFileType = sourcecode.c.h; name = CadastreseViewController.h; path = "Files/Screen/Cadastre-se/ViewController/CadastreseViewController.h"; sourceTree = "<group>"; };
		CE804F411E703FF0009F8DCE /* CadastreseViewController.m */ = {isa = PBXFileReference; fileEncoding = 4; lastKnownFileType = sourcecode.c.objc; name = CadastreseViewController.m; path = "Files/Screen/Cadastre-se/ViewController/CadastreseViewController.m"; sourceTree = "<group>"; };
		CE804F431E709872009F8DCE /* Welcome.storyboard */ = {isa = PBXFileReference; fileEncoding = 4; lastKnownFileType = file.storyboard; name = Welcome.storyboard; path = Files/Screen/StoryBoard/Welcome.storyboard; sourceTree = "<group>"; };
		CE804F471E7098D7009F8DCE /* welcomeViewController.h */ = {isa = PBXFileReference; fileEncoding = 4; lastKnownFileType = sourcecode.c.h; name = welcomeViewController.h; path = Files/Screen/Welcome/ViewController/welcomeViewController.h; sourceTree = "<group>"; };
		CE804F481E7098D7009F8DCE /* welcomeViewController.m */ = {isa = PBXFileReference; fileEncoding = 4; lastKnownFileType = sourcecode.c.objc; name = welcomeViewController.m; path = Files/Screen/Welcome/ViewController/welcomeViewController.m; sourceTree = "<group>"; };
		CE804F4A1E70D696009F8DCE /* welcomefinishViewController.h */ = {isa = PBXFileReference; fileEncoding = 4; lastKnownFileType = sourcecode.c.h; name = welcomefinishViewController.h; path = Files/Screen/Welcome/ViewController/welcomefinishViewController.h; sourceTree = "<group>"; };
		CE804F4B1E70D696009F8DCE /* welcomefinishViewController.m */ = {isa = PBXFileReference; fileEncoding = 4; lastKnownFileType = sourcecode.c.objc; name = welcomefinishViewController.m; path = Files/Screen/Welcome/ViewController/welcomefinishViewController.m; sourceTree = "<group>"; };
		CEB12DEA1E38FF7E00FDAC63 /* CoreLocation.framework */ = {isa = PBXFileReference; lastKnownFileType = wrapper.framework; name = CoreLocation.framework; path = System/Library/Frameworks/CoreLocation.framework; sourceTree = SDKROOT; };
		CEB12DF51E3929D300FDAC63 /* promocao.h */ = {isa = PBXFileReference; fileEncoding = 4; lastKnownFileType = sourcecode.c.h; name = promocao.h; path = Files/Screen/Promocao/Model/promocao.h; sourceTree = "<group>"; };
		CEB12DF61E3929D300FDAC63 /* promocao.m */ = {isa = PBXFileReference; fileEncoding = 4; lastKnownFileType = sourcecode.c.objc; name = promocao.m; path = Files/Screen/Promocao/Model/promocao.m; sourceTree = "<group>"; };
		CEB12DF81E3929E800FDAC63 /* promocaoViewController.h */ = {isa = PBXFileReference; fileEncoding = 4; lastKnownFileType = sourcecode.c.h; name = promocaoViewController.h; path = Files/Screen/Promocao/ViewController/promocaoViewController.h; sourceTree = "<group>"; };
		CEB12DF91E3929E800FDAC63 /* promocaoViewController.m */ = {isa = PBXFileReference; fileEncoding = 4; lastKnownFileType = sourcecode.c.objc; name = promocaoViewController.m; path = Files/Screen/Promocao/ViewController/promocaoViewController.m; sourceTree = "<group>"; };
		CED255021E44EBE000EBDE36 /* resultadoAgendamentoViewController.h */ = {isa = PBXFileReference; fileEncoding = 4; lastKnownFileType = sourcecode.c.h; name = resultadoAgendamentoViewController.h; path = Files/Screen/ResultadoAgendamento/ViewController/resultadoAgendamentoViewController.h; sourceTree = "<group>"; };
		CED255031E44EBE000EBDE36 /* resultadoAgendamentoViewController.m */ = {isa = PBXFileReference; fileEncoding = 4; lastKnownFileType = sourcecode.c.objc; name = resultadoAgendamentoViewController.m; path = Files/Screen/ResultadoAgendamento/ViewController/resultadoAgendamentoViewController.m; sourceTree = "<group>"; };
		CEE2EFD31E0BF61000F7EC4B /* gestaoSpa.app */ = {isa = PBXFileReference; explicitFileType = wrapper.application; includeInIndex = 0; path = gestaoSpa.app; sourceTree = BUILT_PRODUCTS_DIR; };
		CEE2EFD71E0BF61000F7EC4B /* main.m */ = {isa = PBXFileReference; lastKnownFileType = sourcecode.c.objc; path = main.m; sourceTree = "<group>"; };
		CEE2EFD91E0BF61000F7EC4B /* AppDelegate.h */ = {isa = PBXFileReference; lastKnownFileType = sourcecode.c.h; path = AppDelegate.h; sourceTree = "<group>"; };
		CEE2EFDA1E0BF61000F7EC4B /* AppDelegate.m */ = {isa = PBXFileReference; lastKnownFileType = sourcecode.c.objc; path = AppDelegate.m; sourceTree = "<group>"; };
		CEE2EFE01E0BF61000F7EC4B /* Base */ = {isa = PBXFileReference; lastKnownFileType = file.storyboard; name = Base; path = Base.lproj/Main.storyboard; sourceTree = "<group>"; };
		CEE2EFE21E0BF61000F7EC4B /* Assets.xcassets */ = {isa = PBXFileReference; lastKnownFileType = folder.assetcatalog; path = Assets.xcassets; sourceTree = "<group>"; };
		CEE2EFE51E0BF61000F7EC4B /* Base */ = {isa = PBXFileReference; lastKnownFileType = file.storyboard; name = Base; path = Base.lproj/LaunchScreen.storyboard; sourceTree = "<group>"; };
		CEE2EFE71E0BF61000F7EC4B /* Info.plist */ = {isa = PBXFileReference; lastKnownFileType = text.plist.xml; path = Info.plist; sourceTree = "<group>"; };
		CEE6ED1F1E1178E500237F5A /* VariaveisGlobais.h */ = {isa = PBXFileReference; fileEncoding = 4; lastKnownFileType = sourcecode.c.h; name = VariaveisGlobais.h; path = Files/Utils/VariaveisGlobais.h; sourceTree = "<group>"; };
		CEE6ED201E1178E500237F5A /* VariaveisGlobais.m */ = {isa = PBXFileReference; fileEncoding = 4; lastKnownFileType = sourcecode.c.objc; name = VariaveisGlobais.m; path = Files/Utils/VariaveisGlobais.m; sourceTree = "<group>"; };
		CEE6ED261E117D8900237F5A /* loginViewController.h */ = {isa = PBXFileReference; fileEncoding = 4; lastKnownFileType = sourcecode.c.h; name = loginViewController.h; path = Files/Screen/Login/ViewController/loginViewController.h; sourceTree = "<group>"; };
		CEE6ED271E117D8900237F5A /* loginViewController.m */ = {isa = PBXFileReference; fileEncoding = 4; lastKnownFileType = sourcecode.c.objc; name = loginViewController.m; path = Files/Screen/Login/ViewController/loginViewController.m; sourceTree = "<group>"; };
		CEE767481E4A07DB009FAE25 /* TabBarController.h */ = {isa = PBXFileReference; fileEncoding = 4; lastKnownFileType = sourcecode.c.h; name = TabBarController.h; path = Files/Utils/TabBarController.h; sourceTree = "<group>"; };
		CEE767491E4A07DB009FAE25 /* TabBarController.m */ = {isa = PBXFileReference; fileEncoding = 4; lastKnownFileType = sourcecode.c.objc; name = TabBarController.m; path = Files/Utils/TabBarController.m; sourceTree = "<group>"; };
		CEFA8AFA1E291AC100126D06 /* CustomNavBar.h */ = {isa = PBXFileReference; fileEncoding = 4; lastKnownFileType = sourcecode.c.h; name = CustomNavBar.h; path = Files/Utils/CustomNavBar.h; sourceTree = "<group>"; };
		CEFA8AFB1E291AC100126D06 /* CustomNavBar.m */ = {isa = PBXFileReference; fileEncoding = 4; lastKnownFileType = sourcecode.c.objc; name = CustomNavBar.m; path = Files/Utils/CustomNavBar.m; sourceTree = "<group>"; };
		CEFA8AFD1E2EA50E00126D06 /* agendaTableViewController.h */ = {isa = PBXFileReference; fileEncoding = 4; lastKnownFileType = sourcecode.c.h; name = agendaTableViewController.h; path = Files/Screen/Agendamento/ViewController/agendaTableViewController.h; sourceTree = "<group>"; };
		CEFA8AFE1E2EA50E00126D06 /* agendaTableViewController.m */ = {isa = PBXFileReference; fileEncoding = 4; lastKnownFileType = sourcecode.c.objc; name = agendaTableViewController.m; path = Files/Screen/Agendamento/ViewController/agendaTableViewController.m; sourceTree = "<group>"; };
		CEFA8B031E2FCA8400126D06 /* servicoTableViewController.h */ = {isa = PBXFileReference; fileEncoding = 4; lastKnownFileType = sourcecode.c.h; name = servicoTableViewController.h; path = Files/Screen/Servico/ViewController/servicoTableViewController.h; sourceTree = "<group>"; };
		CEFA8B041E2FCA8400126D06 /* servicoTableViewController.m */ = {isa = PBXFileReference; fileEncoding = 4; lastKnownFileType = sourcecode.c.objc; name = servicoTableViewController.m; path = Files/Screen/Servico/ViewController/servicoTableViewController.m; sourceTree = "<group>"; };
		CEFA8B061E2FCAF000126D06 /* servico.h */ = {isa = PBXFileReference; fileEncoding = 4; lastKnownFileType = sourcecode.c.h; name = servico.h; path = Files/Screen/Servico/Model/servico.h; sourceTree = "<group>"; };
		CEFA8B071E2FCAF000126D06 /* servico.m */ = {isa = PBXFileReference; fileEncoding = 4; lastKnownFileType = sourcecode.c.objc; name = servico.m; path = Files/Screen/Servico/Model/servico.m; sourceTree = "<group>"; };
		CEFA8B0C1E2FE7A100126D06 /* dataAgendamentoViewController.h */ = {isa = PBXFileReference; fileEncoding = 4; lastKnownFileType = sourcecode.c.h; name = dataAgendamentoViewController.h; path = Files/Screen/DataAgendamento/ViewController/dataAgendamentoViewController.h; sourceTree = "<group>"; };
		CEFA8B0D1E2FE7A100126D06 /* dataAgendamentoViewController.m */ = {isa = PBXFileReference; fileEncoding = 4; lastKnownFileType = sourcecode.c.objc; name = dataAgendamentoViewController.m; path = Files/Screen/DataAgendamento/ViewController/dataAgendamentoViewController.m; sourceTree = "<group>"; };
/* End PBXFileReference section */

/* Begin PBXFrameworksBuildPhase section */
		CEE2EFD01E0BF61000F7EC4B /* Frameworks */ = {
			isa = PBXFrameworksBuildPhase;
			buildActionMask = 2147483647;
			files = (
				CEB12DEB1E38FF7E00FDAC63 /* CoreLocation.framework in Frameworks */,
				7507D776B598D5A468FF7FEB /* Pods_gestaoSap.framework in Frameworks */,
			);
			runOnlyForDeploymentPostprocessing = 0;
		};
/* End PBXFrameworksBuildPhase section */

/* Begin PBXGroup section */
		A50C2B57A20EF7BCE0620A40 /* Frameworks */ = {
			isa = PBXGroup;
			children = (
				CEB12DEA1E38FF7E00FDAC63 /* CoreLocation.framework */,
				0029251EE620A0EB6162B130 /* Pods_gestaoSap.framework */,
			);
			name = Frameworks;
			sourceTree = "<group>";
		};
		B5B3A86E1DD6B9B99D7D7BE3 /* Pods */ = {
			isa = PBXGroup;
			children = (
				39C38F5AEC3158C1E5506336 /* Pods-gestaoSap.debug.xcconfig */,
				A883B66E906AB9FD858EFFFB /* Pods-gestaoSap.release.xcconfig */,
			);
			name = Pods;
			sourceTree = "<group>";
		};
		CE0B88AE1E311D3C00A1BDD5 /* Profissional */ = {
			isa = PBXGroup;
			children = (
				CE0B88AF1E311D4500A1BDD5 /* Model */,
				CE0B88B01E311D4900A1BDD5 /* ViewController */,
			);
			name = Profissional;
			sourceTree = "<group>";
		};
		CE0B88AF1E311D4500A1BDD5 /* Model */ = {
			isa = PBXGroup;
			children = (
				CE0B88B41E311DDA00A1BDD5 /* profissional.h */,
				CE0B88B51E311DDA00A1BDD5 /* profissional.m */,
			);
			name = Model;
			sourceTree = "<group>";
		};
		CE0B88B01E311D4900A1BDD5 /* ViewController */ = {
			isa = PBXGroup;
			children = (
				CE0B88B11E311DA000A1BDD5 /* profissionalTableViewController.h */,
				CE0B88B21E311DA000A1BDD5 /* profissionalTableViewController.m */,
			);
			name = ViewController;
			sourceTree = "<group>";
		};
		CE0B88B71E313A5800A1BDD5 /* HorarioAgendamento */ = {
			isa = PBXGroup;
			children = (
				CE0B88B91E313A7B00A1BDD5 /* Model */,
				CE0B88BA1E313A8100A1BDD5 /* ViewController */,
			);
			name = HorarioAgendamento;
			sourceTree = "<group>";
		};
		CE0B88B91E313A7B00A1BDD5 /* Model */ = {
			isa = PBXGroup;
			children = (
				CE0B88BB1E313ABC00A1BDD5 /* horario.h */,
				CE0B88BC1E313ABC00A1BDD5 /* horario.m */,
			);
			name = Model;
			sourceTree = "<group>";
		};
		CE0B88BA1E313A8100A1BDD5 /* ViewController */ = {
			isa = PBXGroup;
			children = (
				CE0B88BE1E313ADC00A1BDD5 /* HorarioTableViewController.h */,
				CE0B88BF1E313ADC00A1BDD5 /* HorarioTableViewController.m */,
			);
			name = ViewController;
			sourceTree = "<group>";
		};
		CE0B88C11E31456B00A1BDD5 /* LogOut */ = {
			isa = PBXGroup;
			children = (
				CE0B88C21E31457900A1BDD5 /* Viewcontroller */,
			);
			name = LogOut;
			sourceTree = "<group>";
		};
		CE0B88C21E31457900A1BDD5 /* Viewcontroller */ = {
			isa = PBXGroup;
			children = (
				CE0B88C31E3145AF00A1BDD5 /* logOutViewController.h */,
				CE0B88C41E3145AF00A1BDD5 /* logOutViewController.m */,
			);
			name = Viewcontroller;
			sourceTree = "<group>";
		};
		CE0B88C61E355C7500A1BDD5 /* Localizacao */ = {
			isa = PBXGroup;
			children = (
				CE0B88C71E355C8900A1BDD5 /* Model */,
				CE0B88C81E355C9000A1BDD5 /* ViewController */,
			);
			name = Localizacao;
			sourceTree = "<group>";
		};
		CE0B88C71E355C8900A1BDD5 /* Model */ = {
			isa = PBXGroup;
			children = (
			);
			name = Model;
			sourceTree = "<group>";
		};
		CE0B88C81E355C9000A1BDD5 /* ViewController */ = {
			isa = PBXGroup;
			children = (
				CE0B88C91E355DFC00A1BDD5 /* localizacaoViewController.h */,
				CE0B88CA1E355DFC00A1BDD5 /* localizacaoViewController.m */,
			);
			name = ViewController;
			sourceTree = "<group>";
		};
		CE16C4901E143D3F006F6230 /* Agendamento */ = {
			isa = PBXGroup;
			children = (
				CE16C4911E143D4A006F6230 /* ViewController */,
			);
			name = Agendamento;
			sourceTree = "<group>";
		};
		CE16C4911E143D4A006F6230 /* ViewController */ = {
			isa = PBXGroup;
			children = (
				CEFA8AFD1E2EA50E00126D06 /* agendaTableViewController.h */,
				CEFA8AFE1E2EA50E00126D06 /* agendaTableViewController.m */,
			);
			name = ViewController;
			sourceTree = "<group>";
		};
		CE2379751E605EBA0083A71B /* Mais */ = {
			isa = PBXGroup;
			children = (
				CE2379761E605EC80083A71B /* ViewController */,
			);
			name = Mais;
			sourceTree = "<group>";
		};
		CE2379761E605EC80083A71B /* ViewController */ = {
			isa = PBXGroup;
			children = (
				CE3900721E65086600B00758 /* maisTableViewController.h */,
				CE3900731E65086600B00758 /* maisTableViewController.m */,
			);
			name = ViewController;
			sourceTree = "<group>";
		};
		CE319CAF1E6F830D0018FA34 /* Storyboard */ = {
			isa = PBXGroup;
			children = (
				CEE2EFDF1E0BF61000F7EC4B /* Main.storyboard */,
				CEE2EFE41E0BF61000F7EC4B /* LaunchScreen.storyboard */,
				CE804F431E709872009F8DCE /* Welcome.storyboard */,
			);
			name = Storyboard;
			sourceTree = "<group>";
		};
		CE3AC0671E425F6900CC64D4 /* HistoricoAgendamentoDetalhe */ = {
			isa = PBXGroup;
			children = (
				CE3AC0681E425FC300CC64D4 /* HistoricoAgendamentoDetalheViewController.h */,
				CE3AC0691E425FC300CC64D4 /* HistoricoAgendamentoDetalheViewController.m */,
			);
			name = HistoricoAgendamentoDetalhe;
			sourceTree = "<group>";
		};
		CE4087E81E25427E009416B5 /* Unidade */ = {
			isa = PBXGroup;
			children = (
				CE4087ED1E26BC8C009416B5 /* Model */,
				CE4087E91E254289009416B5 /* ViewController */,
			);
			name = Unidade;
			sourceTree = "<group>";
		};
		CE4087E91E254289009416B5 /* ViewController */ = {
			isa = PBXGroup;
			children = (
				CE4087EA1E2542BE009416B5 /* unidadeViewController.h */,
				CE4087EB1E2542BE009416B5 /* unidadeViewController.m */,
			);
			name = ViewController;
			sourceTree = "<group>";
		};
		CE4087ED1E26BC8C009416B5 /* Model */ = {
			isa = PBXGroup;
			children = (
				CE4087EE1E26BCEE009416B5 /* unidade.h */,
				CE4087EF1E26BCEE009416B5 /* unidade.m */,
			);
			name = Model;
			sourceTree = "<group>";
		};
		CE40A4B61E3BBB32000C0224 /* HistoricoAgendamento */ = {
			isa = PBXGroup;
			children = (
				CE40A4B71E3BBB45000C0224 /* Model */,
				CE40A4B81E3BBB4A000C0224 /* ViewController */,
			);
			name = HistoricoAgendamento;
			sourceTree = "<group>";
		};
		CE40A4B71E3BBB45000C0224 /* Model */ = {
			isa = PBXGroup;
			children = (
				CE40A4B91E3BBB8E000C0224 /* historicoAgendamento.h */,
				CE40A4BA1E3BBB8E000C0224 /* historicoAgendamento.m */,
			);
			name = Model;
			sourceTree = "<group>";
		};
		CE40A4B81E3BBB4A000C0224 /* ViewController */ = {
			isa = PBXGroup;
			children = (
				CE40A4BC1E3BBBB8000C0224 /* historicoAgendamentoTableViewController.h */,
				CE40A4BD1E3BBBB8000C0224 /* historicoAgendamentoTableViewController.m */,
				CE3AC0641E42449100CC64D4 /* HistoricoTableViewCell.h */,
				CE3AC0651E42449100CC64D4 /* HistoricoTableViewCell.m */,
			);
			name = ViewController;
			sourceTree = "<group>";
		};
		CE804F3E1E703FC8009F8DCE /* Cadastre-se */ = {
			isa = PBXGroup;
			children = (
				CE804F3F1E703FD2009F8DCE /* ViewController */,
			);
			name = "Cadastre-se";
			sourceTree = "<group>";
		};
		CE804F3F1E703FD2009F8DCE /* ViewController */ = {
			isa = PBXGroup;
			children = (
				CE804F401E703FF0009F8DCE /* CadastreseViewController.h */,
				CE804F411E703FF0009F8DCE /* CadastreseViewController.m */,
			);
			name = ViewController;
			sourceTree = "<group>";
		};
		CE804F451E70988B009F8DCE /* Welcome */ = {
			isa = PBXGroup;
			children = (
				CE804F461E709895009F8DCE /* ViewController */,
			);
			name = Welcome;
			sourceTree = "<group>";
		};
		CE804F461E709895009F8DCE /* ViewController */ = {
			isa = PBXGroup;
			children = (
				CE804F471E7098D7009F8DCE /* welcomeViewController.h */,
				CE804F481E7098D7009F8DCE /* welcomeViewController.m */,
				CE804F4A1E70D696009F8DCE /* welcomefinishViewController.h */,
				CE804F4B1E70D696009F8DCE /* welcomefinishViewController.m */,
			);
			name = ViewController;
			sourceTree = "<group>";
		};
		CEB12DEC1E39264100FDAC63 /* Promocao */ = {
			isa = PBXGroup;
			children = (
				CEB12DEE1E3926E000FDAC63 /* Model */,
				CEB12DED1E39266200FDAC63 /* ViewController */,
			);
			name = Promocao;
			sourceTree = "<group>";
		};
		CEB12DED1E39266200FDAC63 /* ViewController */ = {
			isa = PBXGroup;
			children = (
				CEB12DF81E3929E800FDAC63 /* promocaoViewController.h */,
				CEB12DF91E3929E800FDAC63 /* promocaoViewController.m */,
			);
			name = ViewController;
			sourceTree = "<group>";
		};
		CEB12DEE1E3926E000FDAC63 /* Model */ = {
			isa = PBXGroup;
			children = (
				CEB12DF51E3929D300FDAC63 /* promocao.h */,
				CEB12DF61E3929D300FDAC63 /* promocao.m */,
			);
			name = Model;
			sourceTree = "<group>";
		};
		CED254FF1E44EB7100EBDE36 /* ResultadoAgendamento */ = {
			isa = PBXGroup;
			children = (
				CED255001E44EB7C00EBDE36 /* Model */,
				CED255011E44EB8100EBDE36 /* ViewController */,
			);
			name = ResultadoAgendamento;
			sourceTree = "<group>";
		};
		CED255001E44EB7C00EBDE36 /* Model */ = {
			isa = PBXGroup;
			children = (
			);
			name = Model;
			sourceTree = "<group>";
		};
		CED255011E44EB8100EBDE36 /* ViewController */ = {
			isa = PBXGroup;
			children = (
				CED255021E44EBE000EBDE36 /* resultadoAgendamentoViewController.h */,
				CED255031E44EBE000EBDE36 /* resultadoAgendamentoViewController.m */,
			);
			name = ViewController;
			sourceTree = "<group>";
		};
		CEE2EFCA1E0BF61000F7EC4B = {
			isa = PBXGroup;
			children = (
				CEE2EFD51E0BF61000F7EC4B /* gestaoSap */,
				CEE2EFD41E0BF61000F7EC4B /* Products */,
				B5B3A86E1DD6B9B99D7D7BE3 /* Pods */,
				A50C2B57A20EF7BCE0620A40 /* Frameworks */,
			);
			sourceTree = "<group>";
		};
		CEE2EFD41E0BF61000F7EC4B /* Products */ = {
			isa = PBXGroup;
			children = (
				CEE2EFD31E0BF61000F7EC4B /* gestaoSpa.app */,
			);
			name = Products;
			sourceTree = "<group>";
		};
		CEE2EFD51E0BF61000F7EC4B /* gestaoSap */ = {
			isa = PBXGroup;
			children = (
				CE319CAF1E6F830D0018FA34 /* Storyboard */,
				CEE6ED181E1176E300237F5A /* Screen */,
				CEE2EFED1E0BF61C00F7EC4B /* Utils */,
				CEE2EFD91E0BF61000F7EC4B /* AppDelegate.h */,
				CEE2EFDA1E0BF61000F7EC4B /* AppDelegate.m */,
				CEE2EFE21E0BF61000F7EC4B /* Assets.xcassets */,
				CEE2EFE71E0BF61000F7EC4B /* Info.plist */,
				CEE2EFD61E0BF61000F7EC4B /* Supporting Files */,
			);
			path = gestaoSap;
			sourceTree = "<group>";
		};
		CEE2EFD61E0BF61000F7EC4B /* Supporting Files */ = {
			isa = PBXGroup;
			children = (
				CEE2EFD71E0BF61000F7EC4B /* main.m */,
			);
			name = "Supporting Files";
			sourceTree = "<group>";
		};
		CEE2EFED1E0BF61C00F7EC4B /* Utils */ = {
			isa = PBXGroup;
			children = (
				CEE6ED1F1E1178E500237F5A /* VariaveisGlobais.h */,
				CEE6ED201E1178E500237F5A /* VariaveisGlobais.m */,
				CEFA8AFA1E291AC100126D06 /* CustomNavBar.h */,
				CEFA8AFB1E291AC100126D06 /* CustomNavBar.m */,
				CEE767481E4A07DB009FAE25 /* TabBarController.h */,
				CEE767491E4A07DB009FAE25 /* TabBarController.m */,
			);
			name = Utils;
			sourceTree = "<group>";
		};
		CEE6ED181E1176E300237F5A /* Screen */ = {
			isa = PBXGroup;
			children = (
				CE804F451E70988B009F8DCE /* Welcome */,
				CE804F3E1E703FC8009F8DCE /* Cadastre-se */,
				CE2379751E605EBA0083A71B /* Mais */,
				CED254FF1E44EB7100EBDE36 /* ResultadoAgendamento */,
				CE3AC0671E425F6900CC64D4 /* HistoricoAgendamentoDetalhe */,
				CE40A4B61E3BBB32000C0224 /* HistoricoAgendamento */,
				CEB12DEC1E39264100FDAC63 /* Promocao */,
				CE0B88C61E355C7500A1BDD5 /* Localizacao */,
				CE0B88C11E31456B00A1BDD5 /* LogOut */,
				CE0B88B71E313A5800A1BDD5 /* HorarioAgendamento */,
				CE0B88AE1E311D3C00A1BDD5 /* Profissional */,
				CEFA8B091E2FE65600126D06 /* DataAgendamento */,
				CEFA8B001E2FCA0400126D06 /* Servico */,
				CE4087E81E25427E009416B5 /* Unidade */,
				CE16C4901E143D3F006F6230 /* Agendamento */,
				CEE6ED191E11780400237F5A /* Login */,
			);
			name = Screen;
			sourceTree = "<group>";
		};
		CEE6ED191E11780400237F5A /* Login */ = {
			isa = PBXGroup;
			children = (
				CEE6ED1A1E11780B00237F5A /* ViewController */,
			);
			name = Login;
			sourceTree = "<group>";
		};
		CEE6ED1A1E11780B00237F5A /* ViewController */ = {
			isa = PBXGroup;
			children = (
				CEE6ED261E117D8900237F5A /* loginViewController.h */,
				CEE6ED271E117D8900237F5A /* loginViewController.m */,
			);
			name = ViewController;
			sourceTree = "<group>";
		};
		CEFA8B001E2FCA0400126D06 /* Servico */ = {
			isa = PBXGroup;
			children = (
				CEFA8B021E2FCA1B00126D06 /* Model */,
				CEFA8B011E2FCA1000126D06 /* ViewController */,
			);
			name = Servico;
			sourceTree = "<group>";
		};
		CEFA8B011E2FCA1000126D06 /* ViewController */ = {
			isa = PBXGroup;
			children = (
				CEFA8B031E2FCA8400126D06 /* servicoTableViewController.h */,
				CEFA8B041E2FCA8400126D06 /* servicoTableViewController.m */,
			);
			name = ViewController;
			sourceTree = "<group>";
		};
		CEFA8B021E2FCA1B00126D06 /* Model */ = {
			isa = PBXGroup;
			children = (
				CEFA8B061E2FCAF000126D06 /* servico.h */,
				CEFA8B071E2FCAF000126D06 /* servico.m */,
			);
			name = Model;
			sourceTree = "<group>";
		};
		CEFA8B091E2FE65600126D06 /* DataAgendamento */ = {
			isa = PBXGroup;
			children = (
				CEFA8B0A1E2FE65F00126D06 /* Model */,
				CEFA8B0B1E2FE66300126D06 /* ViewController */,
			);
			name = DataAgendamento;
			sourceTree = "<group>";
		};
		CEFA8B0A1E2FE65F00126D06 /* Model */ = {
			isa = PBXGroup;
			children = (
			);
			name = Model;
			sourceTree = "<group>";
		};
		CEFA8B0B1E2FE66300126D06 /* ViewController */ = {
			isa = PBXGroup;
			children = (
				CEFA8B0C1E2FE7A100126D06 /* dataAgendamentoViewController.h */,
				CEFA8B0D1E2FE7A100126D06 /* dataAgendamentoViewController.m */,
			);
			name = ViewController;
			sourceTree = "<group>";
		};
/* End PBXGroup section */

/* Begin PBXNativeTarget section */
		CEE2EFD21E0BF61000F7EC4B /* gestaoSpa */ = {
			isa = PBXNativeTarget;
			buildConfigurationList = CEE2EFEA1E0BF61000F7EC4B /* Build configuration list for PBXNativeTarget "gestaoSpa" */;
			buildPhases = (
				64A0BBAC04DE089AEAC0D0D4 /* [CP] Check Pods Manifest.lock */,
				CEE2EFCF1E0BF61000F7EC4B /* Sources */,
				CEE2EFD01E0BF61000F7EC4B /* Frameworks */,
				CEE2EFD11E0BF61000F7EC4B /* Resources */,
				B74184E1324ECA1A2D8AC8C7 /* [CP] Embed Pods Frameworks */,
				170BFA4EC99455CAA3EC2B70 /* [CP] Copy Pods Resources */,
			);
			buildRules = (
			);
			dependencies = (
			);
			name = gestaoSpa;
			productName = gestaoSap;
			productReference = CEE2EFD31E0BF61000F7EC4B /* gestaoSpa.app */;
			productType = "com.apple.product-type.application";
		};
/* End PBXNativeTarget section */

/* Begin PBXProject section */
		CEE2EFCB1E0BF61000F7EC4B /* Project object */ = {
			isa = PBXProject;
			attributes = {
				LastUpgradeCheck = 0810;
				ORGANIZATIONNAME = gntec;
				TargetAttributes = {
					CEE2EFD21E0BF61000F7EC4B = {
						CreatedOnToolsVersion = 8.1;
						DevelopmentTeam = LK6M6GLJ39;
						ProvisioningStyle = Automatic;
					};
				};
			};
			buildConfigurationList = CEE2EFCE1E0BF61000F7EC4B /* Build configuration list for PBXProject "gestaoSap" */;
			compatibilityVersion = "Xcode 3.2";
			developmentRegion = English;
			hasScannedForEncodings = 0;
			knownRegions = (
				en,
				Base,
			);
			mainGroup = CEE2EFCA1E0BF61000F7EC4B;
			productRefGroup = CEE2EFD41E0BF61000F7EC4B /* Products */;
			projectDirPath = "";
			projectRoot = "";
			targets = (
				CEE2EFD21E0BF61000F7EC4B /* gestaoSpa */,
			);
		};
/* End PBXProject section */

/* Begin PBXResourcesBuildPhase section */
		CEE2EFD11E0BF61000F7EC4B /* Resources */ = {
			isa = PBXResourcesBuildPhase;
			buildActionMask = 2147483647;
			files = (
				CEE2EFE61E0BF61000F7EC4B /* LaunchScreen.storyboard in Resources */,
				CE804F441E709873009F8DCE /* Welcome.storyboard in Resources */,
				CEE2EFE31E0BF61000F7EC4B /* Assets.xcassets in Resources */,
				CEE2EFE11E0BF61000F7EC4B /* Main.storyboard in Resources */,
			);
			runOnlyForDeploymentPostprocessing = 0;
		};
/* End PBXResourcesBuildPhase section */

/* Begin PBXShellScriptBuildPhase section */
		170BFA4EC99455CAA3EC2B70 /* [CP] Copy Pods Resources */ = {
			isa = PBXShellScriptBuildPhase;
			buildActionMask = 2147483647;
			files = (
			);
			inputPaths = (
			);
			name = "[CP] Copy Pods Resources";
			outputPaths = (
			);
			runOnlyForDeploymentPostprocessing = 0;
			shellPath = /bin/sh;
			shellScript = "\"${SRCROOT}/Pods/Target Support Files/Pods-gestaoSap/Pods-gestaoSap-resources.sh\"\n";
			showEnvVarsInLog = 0;
		};
		64A0BBAC04DE089AEAC0D0D4 /* [CP] Check Pods Manifest.lock */ = {
			isa = PBXShellScriptBuildPhase;
			buildActionMask = 2147483647;
			files = (
			);
			inputPaths = (
			);
			name = "[CP] Check Pods Manifest.lock";
			outputPaths = (
			);
			runOnlyForDeploymentPostprocessing = 0;
			shellPath = /bin/sh;
			shellScript = "diff \"${PODS_ROOT}/../Podfile.lock\" \"${PODS_ROOT}/Manifest.lock\" > /dev/null\nif [ $? != 0 ] ; then\n    # print error to STDERR\n    echo \"error: The sandbox is not in sync with the Podfile.lock. Run 'pod install' or update your CocoaPods installation.\" >&2\n    exit 1\nfi\n";
			showEnvVarsInLog = 0;
		};
		B74184E1324ECA1A2D8AC8C7 /* [CP] Embed Pods Frameworks */ = {
			isa = PBXShellScriptBuildPhase;
			buildActionMask = 2147483647;
			files = (
			);
			inputPaths = (
			);
			name = "[CP] Embed Pods Frameworks";
			outputPaths = (
			);
			runOnlyForDeploymentPostprocessing = 0;
			shellPath = /bin/sh;
			shellScript = "\"${SRCROOT}/Pods/Target Support Files/Pods-gestaoSap/Pods-gestaoSap-frameworks.sh\"\n";
			showEnvVarsInLog = 0;
		};
/* End PBXShellScriptBuildPhase section */

/* Begin PBXSourcesBuildPhase section */
		CEE2EFCF1E0BF61000F7EC4B /* Sources */ = {
			isa = PBXSourcesBuildPhase;
			buildActionMask = 2147483647;
			files = (
				CE0B88B31E311DA000A1BDD5 /* profissionalTableViewController.m in Sources */,
				CEE2EFDB1E0BF61000F7EC4B /* AppDelegate.m in Sources */,
				CEE6ED221E1178E500237F5A /* VariaveisGlobais.m in Sources */,
				CE3AC06A1E425FC300CC64D4 /* HistoricoAgendamentoDetalheViewController.m in Sources */,
				CE0B88CB1E355DFC00A1BDD5 /* localizacaoViewController.m in Sources */,
				CEE6ED281E117D8900237F5A /* loginViewController.m in Sources */,
				CEFA8B081E2FCAF000126D06 /* servico.m in Sources */,
				CEE2EFD81E0BF61000F7EC4B /* main.m in Sources */,
				CEFA8B051E2FCA8400126D06 /* servicoTableViewController.m in Sources */,
				CE40A4BE1E3BBBB8000C0224 /* historicoAgendamentoTableViewController.m in Sources */,
				CEFA8B0E1E2FE7A100126D06 /* dataAgendamentoViewController.m in Sources */,
				CE0B88C01E313ADC00A1BDD5 /* HorarioTableViewController.m in Sources */,
				CE0B88BD1E313ABC00A1BDD5 /* horario.m in Sources */,
				CE3900741E65086600B00758 /* maisTableViewController.m in Sources */,
				CE0B88C51E3145AF00A1BDD5 /* logOutViewController.m in Sources */,
				CE804F4C1E70D696009F8DCE /* welcomefinishViewController.m in Sources */,
				CE3AC0661E42449100CC64D4 /* HistoricoTableViewCell.m in Sources */,
				CE4087F01E26BCEE009416B5 /* unidade.m in Sources */,
				CE804F491E7098D7009F8DCE /* welcomeViewController.m in Sources */,
				CEFA8AFF1E2EA50E00126D06 /* agendaTableViewController.m in Sources */,
				CEB12DFA1E3929E800FDAC63 /* promocaoViewController.m in Sources */,
				CE0B88B61E311DDA00A1BDD5 /* profissional.m in Sources */,
				CE40A4BB1E3BBB8E000C0224 /* historicoAgendamento.m in Sources */,
				CE804F421E703FF0009F8DCE /* CadastreseViewController.m in Sources */,
				CEE7674A1E4A07DB009FAE25 /* TabBarController.m in Sources */,
				CED255041E44EBE000EBDE36 /* resultadoAgendamentoViewController.m in Sources */,
				CEB12DF71E3929D300FDAC63 /* promocao.m in Sources */,
				CEFA8AFC1E291AC100126D06 /* CustomNavBar.m in Sources */,
				CE4087EC1E2542BE009416B5 /* unidadeViewController.m in Sources */,
			);
			runOnlyForDeploymentPostprocessing = 0;
		};
/* End PBXSourcesBuildPhase section */

/* Begin PBXVariantGroup section */
		CEE2EFDF1E0BF61000F7EC4B /* Main.storyboard */ = {
			isa = PBXVariantGroup;
			children = (
				CEE2EFE01E0BF61000F7EC4B /* Base */,
			);
			name = Main.storyboard;
			sourceTree = "<group>";
		};
		CEE2EFE41E0BF61000F7EC4B /* LaunchScreen.storyboard */ = {
			isa = PBXVariantGroup;
			children = (
				CEE2EFE51E0BF61000F7EC4B /* Base */,
			);
			name = LaunchScreen.storyboard;
			sourceTree = "<group>";
		};
/* End PBXVariantGroup section */

/* Begin XCBuildConfiguration section */
		CEE2EFE81E0BF61000F7EC4B /* Debug */ = {
			isa = XCBuildConfiguration;
			buildSettings = {
				ALWAYS_SEARCH_USER_PATHS = NO;
				CLANG_ANALYZER_NONNULL = YES;
				CLANG_CXX_LANGUAGE_STANDARD = "gnu++0x";
				CLANG_CXX_LIBRARY = "libc++";
				CLANG_ENABLE_MODULES = YES;
				CLANG_ENABLE_OBJC_ARC = YES;
				CLANG_WARN_BOOL_CONVERSION = YES;
				CLANG_WARN_CONSTANT_CONVERSION = YES;
				CLANG_WARN_DIRECT_OBJC_ISA_USAGE = YES_ERROR;
				CLANG_WARN_DOCUMENTATION_COMMENTS = YES;
				CLANG_WARN_EMPTY_BODY = YES;
				CLANG_WARN_ENUM_CONVERSION = YES;
				CLANG_WARN_INFINITE_RECURSION = YES;
				CLANG_WARN_INT_CONVERSION = YES;
				CLANG_WARN_OBJC_ROOT_CLASS = YES_ERROR;
				CLANG_WARN_SUSPICIOUS_MOVES = YES;
				CLANG_WARN_UNREACHABLE_CODE = YES;
				CLANG_WARN__DUPLICATE_METHOD_MATCH = YES;
				CODE_SIGN_IDENTITY = "iPhone Developer";
				"CODE_SIGN_IDENTITY[sdk=iphoneos*]" = "iPhone Developer";
				COPY_PHASE_STRIP = NO;
				DEBUG_INFORMATION_FORMAT = dwarf;
				ENABLE_STRICT_OBJC_MSGSEND = YES;
				ENABLE_TESTABILITY = YES;
				GCC_C_LANGUAGE_STANDARD = gnu99;
				GCC_DYNAMIC_NO_PIC = NO;
				GCC_NO_COMMON_BLOCKS = YES;
				GCC_OPTIMIZATION_LEVEL = 0;
				GCC_PREPROCESSOR_DEFINITIONS = (
					"DEBUG=1",
					"$(inherited)",
				);
				GCC_WARN_64_TO_32_BIT_CONVERSION = YES;
				GCC_WARN_ABOUT_RETURN_TYPE = YES_ERROR;
				GCC_WARN_UNDECLARED_SELECTOR = YES;
				GCC_WARN_UNINITIALIZED_AUTOS = YES_AGGRESSIVE;
				GCC_WARN_UNUSED_FUNCTION = YES;
				GCC_WARN_UNUSED_VARIABLE = YES;
				IPHONEOS_DEPLOYMENT_TARGET = 9.0;
				MTL_ENABLE_DEBUG_INFO = YES;
				ONLY_ACTIVE_ARCH = YES;
				SDKROOT = iphoneos;
			};
			name = Debug;
		};
		CEE2EFE91E0BF61000F7EC4B /* Release */ = {
			isa = XCBuildConfiguration;
			buildSettings = {
				ALWAYS_SEARCH_USER_PATHS = NO;
				CLANG_ANALYZER_NONNULL = YES;
				CLANG_CXX_LANGUAGE_STANDARD = "gnu++0x";
				CLANG_CXX_LIBRARY = "libc++";
				CLANG_ENABLE_MODULES = YES;
				CLANG_ENABLE_OBJC_ARC = YES;
				CLANG_WARN_BOOL_CONVERSION = YES;
				CLANG_WARN_CONSTANT_CONVERSION = YES;
				CLANG_WARN_DIRECT_OBJC_ISA_USAGE = YES_ERROR;
				CLANG_WARN_DOCUMENTATION_COMMENTS = YES;
				CLANG_WARN_EMPTY_BODY = YES;
				CLANG_WARN_ENUM_CONVERSION = YES;
				CLANG_WARN_INFINITE_RECURSION = YES;
				CLANG_WARN_INT_CONVERSION = YES;
				CLANG_WARN_OBJC_ROOT_CLASS = YES_ERROR;
				CLANG_WARN_SUSPICIOUS_MOVES = YES;
				CLANG_WARN_UNREACHABLE_CODE = YES;
				CLANG_WARN__DUPLICATE_METHOD_MATCH = YES;
				CODE_SIGN_IDENTITY = "iPhone Developer";
				"CODE_SIGN_IDENTITY[sdk=iphoneos*]" = "iPhone Developer";
				COPY_PHASE_STRIP = NO;
				DEBUG_INFORMATION_FORMAT = "dwarf-with-dsym";
				ENABLE_NS_ASSERTIONS = NO;
				ENABLE_STRICT_OBJC_MSGSEND = YES;
				GCC_C_LANGUAGE_STANDARD = gnu99;
				GCC_NO_COMMON_BLOCKS = YES;
				GCC_WARN_64_TO_32_BIT_CONVERSION = YES;
				GCC_WARN_ABOUT_RETURN_TYPE = YES_ERROR;
				GCC_WARN_UNDECLARED_SELECTOR = YES;
				GCC_WARN_UNINITIALIZED_AUTOS = YES_AGGRESSIVE;
				GCC_WARN_UNUSED_FUNCTION = YES;
				GCC_WARN_UNUSED_VARIABLE = YES;
				IPHONEOS_DEPLOYMENT_TARGET = 9.0;
				MTL_ENABLE_DEBUG_INFO = NO;
				SDKROOT = iphoneos;
				VALIDATE_PRODUCT = YES;
			};
			name = Release;
		};
		CEE2EFEB1E0BF61000F7EC4B /* Debug */ = {
			isa = XCBuildConfiguration;
			baseConfigurationReference = 39C38F5AEC3158C1E5506336 /* Pods-gestaoSap.debug.xcconfig */;
			buildSettings = {
				ASSETCATALOG_COMPILER_APPICON_NAME = AppIcon;
				CODE_SIGN_IDENTITY = "iPhone Developer";
				"CODE_SIGN_IDENTITY[sdk=iphoneos*]" = "iPhone Developer";
				DEVELOPMENT_TEAM = "";
				INFOPLIST_FILE = gestaoSap/Info.plist;
				IPHONEOS_DEPLOYMENT_TARGET = 9.0;
				LD_RUNPATH_SEARCH_PATHS = "$(inherited) @executable_path/Frameworks";
				PRODUCT_BUNDLE_IDENTIFIER = br.inf.gntec.gestaoSap;
				PRODUCT_NAME = "$(TARGET_NAME)";
				PROVISIONING_PROFILE = "";
				PROVISIONING_PROFILE_SPECIFIER = "";
				TARGETED_DEVICE_FAMILY = 1;
			};
			name = Debug;
		};
		CEE2EFEC1E0BF61000F7EC4B /* Release */ = {
			isa = XCBuildConfiguration;
			baseConfigurationReference = A883B66E906AB9FD858EFFFB /* Pods-gestaoSap.release.xcconfig */;
			buildSettings = {
				ASSETCATALOG_COMPILER_APPICON_NAME = AppIcon;
				CODE_SIGN_IDENTITY = "iPhone Developer";
				"CODE_SIGN_IDENTITY[sdk=iphoneos*]" = "iPhone Developer";
				DEVELOPMENT_TEAM = "";
				INFOPLIST_FILE = gestaoSap/Info.plist;
				IPHONEOS_DEPLOYMENT_TARGET = 9.0;
				LD_RUNPATH_SEARCH_PATHS = "$(inherited) @executable_path/Frameworks";
				PRODUCT_BUNDLE_IDENTIFIER = br.inf.gntec.gestaoSap;
				PRODUCT_NAME = "$(TARGET_NAME)";
				PROVISIONING_PROFILE = "";
				PROVISIONING_PROFILE_SPECIFIER = "";
				TARGETED_DEVICE_FAMILY = 1;
			};
			name = Release;
		};
/* End XCBuildConfiguration section */

/* Begin XCConfigurationList section */
		CEE2EFCE1E0BF61000F7EC4B /* Build configuration list for PBXProject "gestaoSap" */ = {
			isa = XCConfigurationList;
			buildConfigurations = (
				CEE2EFE81E0BF61000F7EC4B /* Debug */,
				CEE2EFE91E0BF61000F7EC4B /* Release */,
			);
			defaultConfigurationIsVisible = 0;
			defaultConfigurationName = Release;
		};
		CEE2EFEA1E0BF61000F7EC4B /* Build configuration list for PBXNativeTarget "gestaoSpa" */ = {
			isa = XCConfigurationList;
			buildConfigurations = (
				CEE2EFEB1E0BF61000F7EC4B /* Debug */,
				CEE2EFEC1E0BF61000F7EC4B /* Release */,
			);
			defaultConfigurationIsVisible = 0;
			defaultConfigurationName = Release;
		};
/* End XCConfigurationList section */
	};
	rootObject = CEE2EFCB1E0BF61000F7EC4B /* Project object */;
}
